// !$*UTF8*$!
{
	archiveVersion = 1;
	classes = {
	};
	objectVersion = 46;
	objects = {

/* Begin PBXBuildFile section */
		DFE28FB01D1BAFE2005F0F52 /* kerzip.h in Headers */ = {isa = PBXBuildFile; fileRef = DFE28FAF1D1BAFE2005F0F52 /* kerzip.h */; settings = {ATTRIBUTES = (Public, ); }; };
		DFE28FB71D1BAFE2005F0F52 /* kerzip.framework in Frameworks */ = {isa = PBXBuildFile; fileRef = DFE28FAC1D1BAFE2005F0F52 /* kerzip.framework */; };
		DFE28FBC1D1BAFE2005F0F52 /* kerzipTests.m in Sources */ = {isa = PBXBuildFile; fileRef = DFE28FBB1D1BAFE2005F0F52 /* kerzipTests.m */; };
		DFE28FC81D1BB00E005F0F52 /* KCZip.h in Headers */ = {isa = PBXBuildFile; fileRef = DFE28FC61D1BB00E005F0F52 /* KCZip.h */; settings = {ATTRIBUTES = (Public, ); }; };
		DFE28FC91D1BB00E005F0F52 /* KCZip.m in Sources */ = {isa = PBXBuildFile; fileRef = DFE28FC71D1BB00E005F0F52 /* KCZip.m */; };
		DFE2900A1D1BB016005F0F52 /* crypt.h in Headers */ = {isa = PBXBuildFile; fileRef = DFE28FE21D1BB016005F0F52 /* crypt.h */; };
		DFE2900B1D1BB016005F0F52 /* ioapi.c in Sources */ = {isa = PBXBuildFile; fileRef = DFE28FE31D1BB016005F0F52 /* ioapi.c */; };
		DFE2900C1D1BB016005F0F52 /* ioapi.h in Headers */ = {isa = PBXBuildFile; fileRef = DFE28FE41D1BB016005F0F52 /* ioapi.h */; };
		DFE2900D1D1BB016005F0F52 /* ioapi_buf.c in Sources */ = {isa = PBXBuildFile; fileRef = DFE28FE51D1BB016005F0F52 /* ioapi_buf.c */; };
		DFE2900E1D1BB016005F0F52 /* ioapi_buf.h in Headers */ = {isa = PBXBuildFile; fileRef = DFE28FE61D1BB016005F0F52 /* ioapi_buf.h */; };
		DFE2900F1D1BB016005F0F52 /* ioapi_mem.c in Sources */ = {isa = PBXBuildFile; fileRef = DFE28FE71D1BB016005F0F52 /* ioapi_mem.c */; };
		DFE290101D1BB016005F0F52 /* ioapi_mem.h in Headers */ = {isa = PBXBuildFile; fileRef = DFE28FE81D1BB016005F0F52 /* ioapi_mem.h */; };
		DFE290151D1BB016005F0F52 /* mztools.c in Sources */ = {isa = PBXBuildFile; fileRef = DFE28FED1D1BB016005F0F52 /* mztools.c */; };
		DFE290161D1BB016005F0F52 /* mztools.h in Headers */ = {isa = PBXBuildFile; fileRef = DFE28FEE1D1BB016005F0F52 /* mztools.h */; };
		DFE290181D1BB016005F0F52 /* unzip.c in Sources */ = {isa = PBXBuildFile; fileRef = DFE28FF01D1BB016005F0F52 /* unzip.c */; };
		DFE290191D1BB016005F0F52 /* unzip.h in Headers */ = {isa = PBXBuildFile; fileRef = DFE28FF11D1BB016005F0F52 /* unzip.h */; };
		DFE2901A1D1BB016005F0F52 /* zip.c in Sources */ = {isa = PBXBuildFile; fileRef = DFE28FF21D1BB016005F0F52 /* zip.c */; };
		DFE2901B1D1BB016005F0F52 /* zip.h in Headers */ = {isa = PBXBuildFile; fileRef = DFE28FF31D1BB016005F0F52 /* zip.h */; };
		DFE2901D1D1BB032005F0F52 /* libz.tbd in Frameworks */ = {isa = PBXBuildFile; fileRef = DFE2901C1D1BB032005F0F52 /* libz.tbd */; };
		DFE2901E1D1BB046005F0F52 /* KCZip.h in Resources */ = {isa = PBXBuildFile; fileRef = DFE28FC61D1BB00E005F0F52 /* KCZip.h */; };
		DFE2901F1D1BB046005F0F52 /* kerzip.h in Resources */ = {isa = PBXBuildFile; fileRef = DFE28FAF1D1BAFE2005F0F52 /* kerzip.h */; };
/* End PBXBuildFile section */

/* Begin PBXContainerItemProxy section */
		DFE28FB81D1BAFE2005F0F52 /* PBXContainerItemProxy */ = {
			isa = PBXContainerItemProxy;
			containerPortal = DFE28FA31D1BAFE2005F0F52 /* Project object */;
			proxyType = 1;
			remoteGlobalIDString = DFE28FAB1D1BAFE2005F0F52;
			remoteInfo = kerzip;
		};
/* End PBXContainerItemProxy section */

/* Begin PBXFileReference section */
		DFE28FAC1D1BAFE2005F0F52 /* kerzip.framework */ = {isa = PBXFileReference; explicitFileType = wrapper.framework; includeInIndex = 0; path = kerzip.framework; sourceTree = BUILT_PRODUCTS_DIR; };
		DFE28FAF1D1BAFE2005F0F52 /* kerzip.h */ = {isa = PBXFileReference; lastKnownFileType = sourcecode.c.h; path = kerzip.h; sourceTree = "<group>"; };
		DFE28FB11D1BAFE2005F0F52 /* Info.plist */ = {isa = PBXFileReference; lastKnownFileType = text.plist.xml; path = Info.plist; sourceTree = "<group>"; };
		DFE28FB61D1BAFE2005F0F52 /* kerzipTests.xctest */ = {isa = PBXFileReference; explicitFileType = wrapper.cfbundle; includeInIndex = 0; path = kerzipTests.xctest; sourceTree = BUILT_PRODUCTS_DIR; };
		DFE28FBB1D1BAFE2005F0F52 /* kerzipTests.m */ = {isa = PBXFileReference; lastKnownFileType = sourcecode.c.objc; path = kerzipTests.m; sourceTree = "<group>"; };
		DFE28FBD1D1BAFE2005F0F52 /* Info.plist */ = {isa = PBXFileReference; lastKnownFileType = text.plist.xml; path = Info.plist; sourceTree = "<group>"; };
		DFE28FC61D1BB00E005F0F52 /* KCZip.h */ = {isa = PBXFileReference; fileEncoding = 4; lastKnownFileType = sourcecode.c.h; path = KCZip.h; sourceTree = "<group>"; };
		DFE28FC71D1BB00E005F0F52 /* KCZip.m */ = {isa = PBXFileReference; fileEncoding = 4; lastKnownFileType = sourcecode.c.objc; path = KCZip.m; sourceTree = "<group>"; };
		DFE28FE21D1BB016005F0F52 /* crypt.h */ = {isa = PBXFileReference; fileEncoding = 4; lastKnownFileType = sourcecode.c.h; path = crypt.h; sourceTree = "<group>"; };
		DFE28FE31D1BB016005F0F52 /* ioapi.c */ = {isa = PBXFileReference; fileEncoding = 4; lastKnownFileType = sourcecode.c.c; path = ioapi.c; sourceTree = "<group>"; };
		DFE28FE41D1BB016005F0F52 /* ioapi.h */ = {isa = PBXFileReference; fileEncoding = 4; lastKnownFileType = sourcecode.c.h; path = ioapi.h; sourceTree = "<group>"; };
		DFE28FE51D1BB016005F0F52 /* ioapi_buf.c */ = {isa = PBXFileReference; fileEncoding = 4; lastKnownFileType = sourcecode.c.c; path = ioapi_buf.c; sourceTree = "<group>"; };
		DFE28FE61D1BB016005F0F52 /* ioapi_buf.h */ = {isa = PBXFileReference; fileEncoding = 4; lastKnownFileType = sourcecode.c.h; path = ioapi_buf.h; sourceTree = "<group>"; };
		DFE28FE71D1BB016005F0F52 /* ioapi_mem.c */ = {isa = PBXFileReference; fileEncoding = 4; lastKnownFileType = sourcecode.c.c; path = ioapi_mem.c; sourceTree = "<group>"; };
		DFE28FE81D1BB016005F0F52 /* ioapi_mem.h */ = {isa = PBXFileReference; fileEncoding = 4; lastKnownFileType = sourcecode.c.h; path = ioapi_mem.h; sourceTree = "<group>"; };
		DFE28FED1D1BB016005F0F52 /* mztools.c */ = {isa = PBXFileReference; fileEncoding = 4; lastKnownFileType = sourcecode.c.c; path = mztools.c; sourceTree = "<group>"; };
		DFE28FEE1D1BB016005F0F52 /* mztools.h */ = {isa = PBXFileReference; fileEncoding = 4; lastKnownFileType = sourcecode.c.h; path = mztools.h; sourceTree = "<group>"; };
		DFE28FF01D1BB016005F0F52 /* unzip.c */ = {isa = PBXFileReference; fileEncoding = 4; lastKnownFileType = sourcecode.c.c; path = unzip.c; sourceTree = "<group>"; };
		DFE28FF11D1BB016005F0F52 /* unzip.h */ = {isa = PBXFileReference; fileEncoding = 4; lastKnownFileType = sourcecode.c.h; path = unzip.h; sourceTree = "<group>"; };
		DFE28FF21D1BB016005F0F52 /* zip.c */ = {isa = PBXFileReference; fileEncoding = 4; lastKnownFileType = sourcecode.c.c; path = zip.c; sourceTree = "<group>"; };
		DFE28FF31D1BB016005F0F52 /* zip.h */ = {isa = PBXFileReference; fileEncoding = 4; lastKnownFileType = sourcecode.c.h; path = zip.h; sourceTree = "<group>"; };
		DFE2901C1D1BB032005F0F52 /* libz.tbd */ = {isa = PBXFileReference; lastKnownFileType = "sourcecode.text-based-dylib-definition"; name = libz.tbd; path = usr/lib/libz.tbd; sourceTree = SDKROOT; };
/* End PBXFileReference section */

/* Begin PBXFrameworksBuildPhase section */
		DFE28FA81D1BAFE2005F0F52 /* Frameworks */ = {
			isa = PBXFrameworksBuildPhase;
			buildActionMask = 2147483647;
			files = (
				DFE2901D1D1BB032005F0F52 /* libz.tbd in Frameworks */,
			);
			runOnlyForDeploymentPostprocessing = 0;
		};
		DFE28FB31D1BAFE2005F0F52 /* Frameworks */ = {
			isa = PBXFrameworksBuildPhase;
			buildActionMask = 2147483647;
			files = (
				DFE28FB71D1BAFE2005F0F52 /* kerzip.framework in Frameworks */,
			);
			runOnlyForDeploymentPostprocessing = 0;
		};
/* End PBXFrameworksBuildPhase section */

/* Begin PBXGroup section */
		DFE28FA21D1BAFE2005F0F52 = {
			isa = PBXGroup;
			children = (
				DFE2901C1D1BB032005F0F52 /* libz.tbd */,
				DFE28FAE1D1BAFE2005F0F52 /* kerzip */,
				DFE28FBA1D1BAFE2005F0F52 /* kerzipTests */,
				DFE28FAD1D1BAFE2005F0F52 /* Products */,
			);
			sourceTree = "<group>";
		};
		DFE28FAD1D1BAFE2005F0F52 /* Products */ = {
			isa = PBXGroup;
			children = (
				DFE28FAC1D1BAFE2005F0F52 /* kerzip.framework */,
				DFE28FB61D1BAFE2005F0F52 /* kerzipTests.xctest */,
			);
			name = Products;
			sourceTree = "<group>";
		};
		DFE28FAE1D1BAFE2005F0F52 /* kerzip */ = {
			isa = PBXGroup;
			children = (
				DFE28FCA1D1BB016005F0F52 /* minizip */,
				DFE28FC61D1BB00E005F0F52 /* KCZip.h */,
				DFE28FC71D1BB00E005F0F52 /* KCZip.m */,
				DFE28FAF1D1BAFE2005F0F52 /* kerzip.h */,
				DFE28FB11D1BAFE2005F0F52 /* Info.plist */,
			);
			path = kerzip;
			sourceTree = "<group>";
		};
		DFE28FBA1D1BAFE2005F0F52 /* kerzipTests */ = {
			isa = PBXGroup;
			children = (
				DFE28FBB1D1BAFE2005F0F52 /* kerzipTests.m */,
				DFE28FBD1D1BAFE2005F0F52 /* Info.plist */,
			);
			path = kerzipTests;
			sourceTree = "<group>";
		};
		DFE28FCA1D1BB016005F0F52 /* minizip */ = {
			isa = PBXGroup;
			children = (
				DFE28FE21D1BB016005F0F52 /* crypt.h */,
				DFE28FE31D1BB016005F0F52 /* ioapi.c */,
				DFE28FE41D1BB016005F0F52 /* ioapi.h */,
				DFE28FE51D1BB016005F0F52 /* ioapi_buf.c */,
				DFE28FE61D1BB016005F0F52 /* ioapi_buf.h */,
				DFE28FE71D1BB016005F0F52 /* ioapi_mem.c */,
				DFE28FE81D1BB016005F0F52 /* ioapi_mem.h */,
				DFE28FED1D1BB016005F0F52 /* mztools.c */,
				DFE28FEE1D1BB016005F0F52 /* mztools.h */,
				DFE28FF01D1BB016005F0F52 /* unzip.c */,
				DFE28FF11D1BB016005F0F52 /* unzip.h */,
				DFE28FF21D1BB016005F0F52 /* zip.c */,
				DFE28FF31D1BB016005F0F52 /* zip.h */,
			);
			path = minizip;
			sourceTree = "<group>";
		};
/* End PBXGroup section */

/* Begin PBXHeadersBuildPhase section */
		DFE28FA91D1BAFE2005F0F52 /* Headers */ = {
			isa = PBXHeadersBuildPhase;
			buildActionMask = 2147483647;
			files = (
				DFE2901B1D1BB016005F0F52 /* zip.h in Headers */,
				DFE28FC81D1BB00E005F0F52 /* KCZip.h in Headers */,
				DFE290101D1BB016005F0F52 /* ioapi_mem.h in Headers */,
				DFE2900E1D1BB016005F0F52 /* ioapi_buf.h in Headers */,
				DFE290191D1BB016005F0F52 /* unzip.h in Headers */,
				DFE2900A1D1BB016005F0F52 /* crypt.h in Headers */,
				DFE28FB01D1BAFE2005F0F52 /* kerzip.h in Headers */,
				DFE2900C1D1BB016005F0F52 /* ioapi.h in Headers */,
				DFE290161D1BB016005F0F52 /* mztools.h in Headers */,
			);
			runOnlyForDeploymentPostprocessing = 0;
		};
/* End PBXHeadersBuildPhase section */

/* Begin PBXNativeTarget section */
		DFE28FAB1D1BAFE2005F0F52 /* kerzip */ = {
			isa = PBXNativeTarget;
			buildConfigurationList = DFE28FC01D1BAFE2005F0F52 /* Build configuration list for PBXNativeTarget "kerzip" */;
			buildPhases = (
				DFE28FA71D1BAFE2005F0F52 /* Sources */,
				DFE28FA81D1BAFE2005F0F52 /* Frameworks */,
				DFE28FA91D1BAFE2005F0F52 /* Headers */,
				DFE28FAA1D1BAFE2005F0F52 /* Resources */,
			);
			buildRules = (
			);
			dependencies = (
			);
			name = kerzip;
			productName = kerzip;
			productReference = DFE28FAC1D1BAFE2005F0F52 /* kerzip.framework */;
			productType = "com.apple.product-type.framework";
		};
		DFE28FB51D1BAFE2005F0F52 /* kerzipTests */ = {
			isa = PBXNativeTarget;
			buildConfigurationList = DFE28FC31D1BAFE2005F0F52 /* Build configuration list for PBXNativeTarget "kerzipTests" */;
			buildPhases = (
				DFE28FB21D1BAFE2005F0F52 /* Sources */,
				DFE28FB31D1BAFE2005F0F52 /* Frameworks */,
				DFE28FB41D1BAFE2005F0F52 /* Resources */,
			);
			buildRules = (
			);
			dependencies = (
				DFE28FB91D1BAFE2005F0F52 /* PBXTargetDependency */,
			);
			name = kerzipTests;
			productName = kerzipTests;
			productReference = DFE28FB61D1BAFE2005F0F52 /* kerzipTests.xctest */;
			productType = "com.apple.product-type.bundle.unit-test";
		};
/* End PBXNativeTarget section */

/* Begin PBXProject section */
		DFE28FA31D1BAFE2005F0F52 /* Project object */ = {
			isa = PBXProject;
			attributes = {
				LastUpgradeCheck = 0810;
				ORGANIZATIONNAME = zihong;
				TargetAttributes = {
					DFE28FAB1D1BAFE2005F0F52 = {
						CreatedOnToolsVersion = 7.3.1;
					};
					DFE28FB51D1BAFE2005F0F52 = {
						CreatedOnToolsVersion = 7.3.1;
					};
				};
			};
			buildConfigurationList = DFE28FA61D1BAFE2005F0F52 /* Build configuration list for PBXProject "kerzip" */;
			compatibilityVersion = "Xcode 3.2";
			developmentRegion = English;
			hasScannedForEncodings = 0;
			knownRegions = (
				en,
			);
			mainGroup = DFE28FA21D1BAFE2005F0F52;
			productRefGroup = DFE28FAD1D1BAFE2005F0F52 /* Products */;
			projectDirPath = "";
			projectRoot = "";
			targets = (
				DFE28FAB1D1BAFE2005F0F52 /* kerzip */,
				DFE28FB51D1BAFE2005F0F52 /* kerzipTests */,
			);
		};
/* End PBXProject section */

/* Begin PBXResourcesBuildPhase section */
		DFE28FAA1D1BAFE2005F0F52 /* Resources */ = {
			isa = PBXResourcesBuildPhase;
			buildActionMask = 2147483647;
			files = (
				DFE2901E1D1BB046005F0F52 /* KCZip.h in Resources */,
				DFE2901F1D1BB046005F0F52 /* kerzip.h in Resources */,
			);
			runOnlyForDeploymentPostprocessing = 0;
		};
		DFE28FB41D1BAFE2005F0F52 /* Resources */ = {
			isa = PBXResourcesBuildPhase;
			buildActionMask = 2147483647;
			files = (
			);
			runOnlyForDeploymentPostprocessing = 0;
		};
/* End PBXResourcesBuildPhase section */

/* Begin PBXSourcesBuildPhase section */
		DFE28FA71D1BAFE2005F0F52 /* Sources */ = {
			isa = PBXSourcesBuildPhase;
			buildActionMask = 2147483647;
			files = (
				DFE290151D1BB016005F0F52 /* mztools.c in Sources */,
				DFE290181D1BB016005F0F52 /* unzip.c in Sources */,
				DFE2900D1D1BB016005F0F52 /* ioapi_buf.c in Sources */,
				DFE2900B1D1BB016005F0F52 /* ioapi.c in Sources */,
				DFE2900F1D1BB016005F0F52 /* ioapi_mem.c in Sources */,
				DFE2901A1D1BB016005F0F52 /* zip.c in Sources */,
				DFE28FC91D1BB00E005F0F52 /* KCZip.m in Sources */,
			);
			runOnlyForDeploymentPostprocessing = 0;
		};
		DFE28FB21D1BAFE2005F0F52 /* Sources */ = {
			isa = PBXSourcesBuildPhase;
			buildActionMask = 2147483647;
			files = (
				DFE28FBC1D1BAFE2005F0F52 /* kerzipTests.m in Sources */,
			);
			runOnlyForDeploymentPostprocessing = 0;
		};
/* End PBXSourcesBuildPhase section */

/* Begin PBXTargetDependency section */
		DFE28FB91D1BAFE2005F0F52 /* PBXTargetDependency */ = {
			isa = PBXTargetDependency;
			target = DFE28FAB1D1BAFE2005F0F52 /* kerzip */;
			targetProxy = DFE28FB81D1BAFE2005F0F52 /* PBXContainerItemProxy */;
		};
/* End PBXTargetDependency section */

/* Begin XCBuildConfiguration section */
		DFE28FBE1D1BAFE2005F0F52 /* Debug */ = {
			isa = XCBuildConfiguration;
			buildSettings = {
				ALWAYS_SEARCH_USER_PATHS = NO;
				CLANG_ANALYZER_NONNULL = YES;
				CLANG_CXX_LANGUAGE_STANDARD = "gnu++0x";
				CLANG_CXX_LIBRARY = "libc++";
				CLANG_ENABLE_MODULES = YES;
				CLANG_ENABLE_OBJC_ARC = YES;
				CLANG_WARN_BOOL_CONVERSION = YES;
				CLANG_WARN_CONSTANT_CONVERSION = YES;
				CLANG_WARN_DIRECT_OBJC_ISA_USAGE = YES_ERROR;
				CLANG_WARN_EMPTY_BODY = YES;
				CLANG_WARN_ENUM_CONVERSION = YES;
				CLANG_WARN_INFINITE_RECURSION = YES;
				CLANG_WARN_INT_CONVERSION = YES;
				CLANG_WARN_OBJC_ROOT_CLASS = YES_ERROR;
				CLANG_WARN_SUSPICIOUS_MOVE = YES;
				CLANG_WARN_UNREACHABLE_CODE = YES;
				CLANG_WARN__DUPLICATE_METHOD_MATCH = YES;
				"CODE_SIGN_IDENTITY[sdk=iphoneos*]" = "iPhone Developer";
				COPY_PHASE_STRIP = NO;
				CURRENT_PROJECT_VERSION = 1;
				DEBUG_INFORMATION_FORMAT = dwarf;
				ENABLE_STRICT_OBJC_MSGSEND = YES;
				ENABLE_TESTABILITY = YES;
				GCC_C_LANGUAGE_STANDARD = gnu99;
				GCC_DYNAMIC_NO_PIC = NO;
				GCC_NO_COMMON_BLOCKS = YES;
				GCC_OPTIMIZATION_LEVEL = 0;
				GCC_PREPROCESSOR_DEFINITIONS = (
					"DEBUG=1",
					"$(inherited)",
				);
				GCC_WARN_64_TO_32_BIT_CONVERSION = YES;
				GCC_WARN_ABOUT_RETURN_TYPE = YES_ERROR;
				GCC_WARN_UNDECLARED_SELECTOR = YES;
				GCC_WARN_UNINITIALIZED_AUTOS = YES_AGGRESSIVE;
				GCC_WARN_UNUSED_FUNCTION = YES;
				GCC_WARN_UNUSED_VARIABLE = YES;
				IPHONEOS_DEPLOYMENT_TARGET = 9.3;
				MTL_ENABLE_DEBUG_INFO = YES;
				ONLY_ACTIVE_ARCH = YES;
				SDKROOT = iphoneos;
				TARGETED_DEVICE_FAMILY = "1,2";
				VERSIONING_SYSTEM = "apple-generic";
				VERSION_INFO_PREFIX = "";
			};
			name = Debug;
		};
		DFE28FBF1D1BAFE2005F0F52 /* Release */ = {
			isa = XCBuildConfiguration;
			buildSettings = {
				ALWAYS_SEARCH_USER_PATHS = NO;
				CLANG_ANALYZER_NONNULL = YES;
				CLANG_CXX_LANGUAGE_STANDARD = "gnu++0x";
				CLANG_CXX_LIBRARY = "libc++";
				CLANG_ENABLE_MODULES = YES;
				CLANG_ENABLE_OBJC_ARC = YES;
				CLANG_WARN_BOOL_CONVERSION = YES;
				CLANG_WARN_CONSTANT_CONVERSION = YES;
				CLANG_WARN_DIRECT_OBJC_ISA_USAGE = YES_ERROR;
				CLANG_WARN_EMPTY_BODY = YES;
				CLANG_WARN_ENUM_CONVERSION = YES;
				CLANG_WARN_INFINITE_RECURSION = YES;
				CLANG_WARN_INT_CONVERSION = YES;
				CLANG_WARN_OBJC_ROOT_CLASS = YES_ERROR;
				CLANG_WARN_SUSPICIOUS_MOVE = YES;
				CLANG_WARN_UNREACHABLE_CODE = YES;
				CLANG_WARN__DUPLICATE_METHOD_MATCH = YES;
				"CODE_SIGN_IDENTITY[sdk=iphoneos*]" = "iPhone Developer";
				COPY_PHASE_STRIP = NO;
				CURRENT_PROJECT_VERSION = 1;
				DEBUG_INFORMATION_FORMAT = "dwarf-with-dsym";
				ENABLE_NS_ASSERTIONS = NO;
				ENABLE_STRICT_OBJC_MSGSEND = YES;
				GCC_C_LANGUAGE_STANDARD = gnu99;
				GCC_NO_COMMON_BLOCKS = YES;
				GCC_WARN_64_TO_32_BIT_CONVERSION = YES;
				GCC_WARN_ABOUT_RETURN_TYPE = YES_ERROR;
				GCC_WARN_UNDECLARED_SELECTOR = YES;
				GCC_WARN_UNINITIALIZED_AUTOS = YES_AGGRESSIVE;
				GCC_WARN_UNUSED_FUNCTION = YES;
				GCC_WARN_UNUSED_VARIABLE = YES;
				IPHONEOS_DEPLOYMENT_TARGET = 9.3;
				MTL_ENABLE_DEBUG_INFO = NO;
				SDKROOT = iphoneos;
				TARGETED_DEVICE_FAMILY = "1,2";
				VALIDATE_PRODUCT = YES;
				VERSIONING_SYSTEM = "apple-generic";
				VERSION_INFO_PREFIX = "";
			};
			name = Release;
		};
		DFE28FC11D1BAFE2005F0F52 /* Debug */ = {
			isa = XCBuildConfiguration;
			buildSettings = {
				"CODE_SIGN_IDENTITY[sdk=iphoneos*]" = "";
				DEFINES_MODULE = YES;
				DYLIB_COMPATIBILITY_VERSION = 1;
				DYLIB_CURRENT_VERSION = 1;
				DYLIB_INSTALL_NAME_BASE = "@rpath";
				INFOPLIST_FILE = kerzip/Info.plist;
				INSTALL_PATH = "$(LOCAL_LIBRARY_DIR)/Frameworks";
				LD_RUNPATH_SEARCH_PATHS = "$(inherited) @executable_path/Frameworks @loader_path/Frameworks";
				PRODUCT_BUNDLE_IDENTIFIER = com.kercer.kerzip;
				PRODUCT_NAME = "$(TARGET_NAME)";
				SKIP_INSTALL = YES;
			};
			name = Debug;
		};
		DFE28FC21D1BAFE2005F0F52 /* Release */ = {
			isa = XCBuildConfiguration;
			buildSettings = {
				"CODE_SIGN_IDENTITY[sdk=iphoneos*]" = "";
				DEFINES_MODULE = YES;
				DYLIB_COMPATIBILITY_VERSION = 1;
				DYLIB_CURRENT_VERSION = 1;
				DYLIB_INSTALL_NAME_BASE = "@rpath";
				INFOPLIST_FILE = kerzip/Info.plist;
				INSTALL_PATH = "$(LOCAL_LIBRARY_DIR)/Frameworks";
				LD_RUNPATH_SEARCH_PATHS = "$(inherited) @executable_path/Frameworks @loader_path/Frameworks";
				PRODUCT_BUNDLE_IDENTIFIER = com.kercer.kerzip;
				PRODUCT_NAME = "$(TARGET_NAME)";
				SKIP_INSTALL = YES;
			};
			name = Release;
		};
		DFE28FC41D1BAFE2005F0F52 /* Debug */ = {
			isa = XCBuildConfiguration;
			buildSettings = {
				INFOPLIST_FILE = kerzipTests/Info.plist;
				LD_RUNPATH_SEARCH_PATHS = "$(inherited) @executable_path/Frameworks @loader_path/Frameworks";
				PRODUCT_BUNDLE_IDENTIFIER = com.kercer.kerzipTests;
				PRODUCT_NAME = "$(TARGET_NAME)";
			};
			name = Debug;
		};
		DFE28FC51D1BAFE2005F0F52 /* Release */ = {
			isa = XCBuildConfiguration;
			buildSettings = {
				INFOPLIST_FILE = kerzipTests/Info.plist;
				LD_RUNPATH_SEARCH_PATHS = "$(inherited) @executable_path/Frameworks @loader_path/Frameworks";
				PRODUCT_BUNDLE_IDENTIFIER = com.kercer.kerzipTests;
				PRODUCT_NAME = "$(TARGET_NAME)";
			};
			name = Release;
		};
/* End XCBuildConfiguration section */

/* Begin XCConfigurationList section */
		DFE28FA61D1BAFE2005F0F52 /* Build configuration list for PBXProject "kerzip" */ = {
			isa = XCConfigurationList;
			buildConfigurations = (
				DFE28FBE1D1BAFE2005F0F52 /* Debug */,
				DFE28FBF1D1BAFE2005F0F52 /* Release */,
			);
			defaultConfigurationIsVisible = 0;
			defaultConfigurationName = Release;
		};
		DFE28FC01D1BAFE2005F0F52 /* Build configuration list for PBXNativeTarget "kerzip" */ = {
			isa = XCConfigurationList;
			buildConfigurations = (
				DFE28FC11D1BAFE2005F0F52 /* Debug */,
				DFE28FC21D1BAFE2005F0F52 /* Release */,
			);
			defaultConfigurationIsVisible = 0;
			defaultConfigurationName = Release;
		};
		DFE28FC31D1BAFE2005F0F52 /* Build configuration list for PBXNativeTarget "kerzipTests" */ = {
			isa = XCConfigurationList;
			buildConfigurations = (
				DFE28FC41D1BAFE2005F0F52 /* Debug */,
				DFE28FC51D1BAFE2005F0F52 /* Release */,
			);
			defaultConfigurationIsVisible = 0;
			defaultConfigurationName = Release;
		};
/* End XCConfigurationList section */
	};
	rootObject = DFE28FA31D1BAFE2005F0F52 /* Project object */;
}
